
Microsoft Visual Studio Solution File, Format Version 12.00
# Visual Studio 14
VisualStudioVersion = 14.0.25123.0
MinimumVisualStudioVersion = 10.0.40219.1
Project("{FAE04EC0-301F-11D3-BF4B-00C04F79EFBC}") = "2-XAML", "2-XAML\2-XAML.csproj", "{6AFE66AE-4B71-45B6-8FC8-6EF50328638A}"
EndProject
Project("{FAE04EC0-301F-11D3-BF4B-00C04F79EFBC}") = "3-Binding", "3-Binding\3-Binding.csproj", "{CA15BC77-11BC-415E-8621-D185EF2EE68A}"
EndProject
Project("{FAE04EC0-301F-11D3-BF4B-00C04F79EFBC}") = "4-Json", "4-Json\4-Json.csproj", "{6736833C-7A6E-4B34-84AF-E2A03A971D10}"
EndProject
Project("{FAE04EC0-301F-11D3-BF4B-00C04F79EFBC}") = "1-Discover", "1-Discover\1-Discover.csproj", "{70EA1A85-28A2-4183-9B81-6A8BEB35F9ED}"
EndProject
Project("{FAE04EC0-301F-11D3-BF4B-00C04F79EFBC}") = "5-Collection", "5-Collection\5-Collection.csproj", "{98D4CD10-73DA-4C09-A940-1477F1EBCEED}"
EndProject
Global
	GlobalSection(SolutionConfigurationPlatforms) = preSolution
		Debug|Any CPU = Debug|Any CPU
		Debug|ARM = Debug|ARM
		Debug|x86 = Debug|x86
		Release|Any CPU = Release|Any CPU
		Release|ARM = Release|ARM
		Release|x86 = Release|x86
	EndGlobalSection
	GlobalSection(ProjectConfigurationPlatforms) = postSolution
		{6AFE66AE-4B71-45B6-8FC8-6EF50328638A}.Debug|Any CPU.ActiveCfg = Debug|Any CPU
		{6AFE66AE-4B71-45B6-8FC8-6EF50328638A}.Debug|Any CPU.Build.0 = Debug|Any CPU
		{6AFE66AE-4B71-45B6-8FC8-6EF50328638A}.Debug|Any CPU.Deploy.0 = Debug|Any CPU
		{6AFE66AE-4B71-45B6-8FC8-6EF50328638A}.Debug|ARM.ActiveCfg = Debug|ARM
		{6AFE66AE-4B71-45B6-8FC8-6EF50328638A}.Debug|ARM.Build.0 = Debug|ARM
		{6AFE66AE-4B71-45B6-8FC8-6EF50328638A}.Debug|ARM.Deploy.0 = Debug|ARM
		{6AFE66AE-4B71-45B6-8FC8-6EF50328638A}.Debug|x86.ActiveCfg = Debug|x86
		{6AFE66AE-4B71-45B6-8FC8-6EF50328638A}.Debug|x86.Build.0 = Debug|x86
		{6AFE66AE-4B71-45B6-8FC8-6EF50328638A}.Debug|x86.Deploy.0 = Debug|x86
		{6AFE66AE-4B71-45B6-8FC8-6EF50328638A}.Release|Any CPU.ActiveCfg = Release|Any CPU
		{6AFE66AE-4B71-45B6-8FC8-6EF50328638A}.Release|Any CPU.Build.0 = Release|Any CPU
		{6AFE66AE-4B71-45B6-8FC8-6EF50328638A}.Release|Any CPU.Deploy.0 = Release|Any CPU
		{6AFE66AE-4B71-45B6-8FC8-6EF50328638A}.Release|ARM.ActiveCfg = Release|ARM
		{6AFE66AE-4B71-45B6-8FC8-6EF50328638A}.Release|ARM.Build.0 = Release|ARM
		{6AFE66AE-4B71-45B6-8FC8-6EF50328638A}.Release|ARM.Deploy.0 = Release|ARM
		{6AFE66AE-4B71-45B6-8FC8-6EF50328638A}.Release|x86.ActiveCfg = Release|x86
		{6AFE66AE-4B71-45B6-8FC8-6EF50328638A}.Release|x86.Build.0 = Release|x86
		{6AFE66AE-4B71-45B6-8FC8-6EF50328638A}.Release|x86.Deploy.0 = Release|x86
		{CA15BC77-11BC-415E-8621-D185EF2EE68A}.Debug|Any CPU.ActiveCfg = Debug|Any CPU
		{CA15BC77-11BC-415E-8621-D185EF2EE68A}.Debug|Any CPU.Build.0 = Debug|Any CPU
		{CA15BC77-11BC-415E-8621-D185EF2EE68A}.Debug|Any CPU.Deploy.0 = Debug|Any CPU
		{CA15BC77-11BC-415E-8621-D185EF2EE68A}.Debug|ARM.ActiveCfg = Debug|ARM
		{CA15BC77-11BC-415E-8621-D185EF2EE68A}.Debug|ARM.Build.0 = Debug|ARM
		{CA15BC77-11BC-415E-8621-D185EF2EE68A}.Debug|ARM.Deploy.0 = Debug|ARM
		{CA15BC77-11BC-415E-8621-D185EF2EE68A}.Debug|x86.ActiveCfg = Debug|x86
		{CA15BC77-11BC-415E-8621-D185EF2EE68A}.Debug|x86.Build.0 = Debug|x86
		{CA15BC77-11BC-415E-8621-D185EF2EE68A}.Debug|x86.Deploy.0 = Debug|x86
		{CA15BC77-11BC-415E-8621-D185EF2EE68A}.Release|Any CPU.ActiveCfg = Release|Any CPU
		{CA15BC77-11BC-415E-8621-D185EF2EE68A}.Release|Any CPU.Build.0 = Release|Any CPU
		{CA15BC77-11BC-415E-8621-D185EF2EE68A}.Release|Any CPU.Deploy.0 = Release|Any CPU
		{CA15BC77-11BC-415E-8621-D185EF2EE68A}.Release|ARM.ActiveCfg = Release|ARM
		{CA15BC77-11BC-415E-8621-D185EF2EE68A}.Release|ARM.Build.0 = Release|ARM
		{CA15BC77-11BC-415E-8621-D185EF2EE68A}.Release|ARM.Deploy.0 = Release|ARM
		{CA15BC77-11BC-415E-8621-D185EF2EE68A}.Release|x86.ActiveCfg = Release|x86
		{CA15BC77-11BC-415E-8621-D185EF2EE68A}.Release|x86.Build.0 = Release|x86
		{CA15BC77-11BC-415E-8621-D185EF2EE68A}.Release|x86.Deploy.0 = Release|x86
		{6736833C-7A6E-4B34-84AF-E2A03A971D10}.Debug|Any CPU.ActiveCfg = Debug|Any CPU
		{6736833C-7A6E-4B34-84AF-E2A03A971D10}.Debug|Any CPU.Build.0 = Debug|Any CPU
		{6736833C-7A6E-4B34-84AF-E2A03A971D10}.Debug|Any CPU.Deploy.0 = Debug|Any CPU
		{6736833C-7A6E-4B34-84AF-E2A03A971D10}.Debug|ARM.ActiveCfg = Debug|ARM
		{6736833C-7A6E-4B34-84AF-E2A03A971D10}.Debug|ARM.Build.0 = Debug|ARM
		{6736833C-7A6E-4B34-84AF-E2A03A971D10}.Debug|ARM.Deploy.0 = Debug|ARM
		{6736833C-7A6E-4B34-84AF-E2A03A971D10}.Debug|x86.ActiveCfg = Debug|x86
		{6736833C-7A6E-4B34-84AF-E2A03A971D10}.Debug|x86.Build.0 = Debug|x86
		{6736833C-7A6E-4B34-84AF-E2A03A971D10}.Debug|x86.Deploy.0 = Debug|x86
		{6736833C-7A6E-4B34-84AF-E2A03A971D10}.Release|Any CPU.ActiveCfg = Release|Any CPU
		{6736833C-7A6E-4B34-84AF-E2A03A971D10}.Release|Any CPU.Build.0 = Release|Any CPU
		{6736833C-7A6E-4B34-84AF-E2A03A971D10}.Release|Any CPU.Deploy.0 = Release|Any CPU
		{6736833C-7A6E-4B34-84AF-E2A03A971D10}.Release|ARM.ActiveCfg = Release|ARM
		{6736833C-7A6E-4B34-84AF-E2A03A971D10}.Release|ARM.Build.0 = Release|ARM
		{6736833C-7A6E-4B34-84AF-E2A03A971D10}.Release|ARM.Deploy.0 = Release|ARM
		{6736833C-7A6E-4B34-84AF-E2A03A971D10}.Release|x86.ActiveCfg = Release|x86
		{6736833C-7A6E-4B34-84AF-E2A03A971D10}.Release|x86.Build.0 = Release|x86
		{6736833C-7A6E-4B34-84AF-E2A03A971D10}.Release|x86.Deploy.0 = Release|x86
		{70EA1A85-28A2-4183-9B81-6A8BEB35F9ED}.Debug|Any CPU.ActiveCfg = Debug|Any CPU
		{70EA1A85-28A2-4183-9B81-6A8BEB35F9ED}.Debug|Any CPU.Build.0 = Debug|Any CPU
		{70EA1A85-28A2-4183-9B81-6A8BEB35F9ED}.Debug|Any CPU.Deploy.0 = Debug|Any CPU
		{70EA1A85-28A2-4183-9B81-6A8BEB35F9ED}.Debug|ARM.ActiveCfg = Debug|ARM
		{70EA1A85-28A2-4183-9B81-6A8BEB35F9ED}.Debug|ARM.Build.0 = Debug|ARM
		{70EA1A85-28A2-4183-9B81-6A8BEB35F9ED}.Debug|ARM.Deploy.0 = Debug|ARM
		{70EA1A85-28A2-4183-9B81-6A8BEB35F9ED}.Debug|x86.ActiveCfg = Debug|x86
		{70EA1A85-28A2-4183-9B81-6A8BEB35F9ED}.Debug|x86.Build.0 = Debug|x86
		{70EA1A85-28A2-4183-9B81-6A8BEB35F9ED}.Debug|x86.Deploy.0 = Debug|x86
		{70EA1A85-28A2-4183-9B81-6A8BEB35F9ED}.Release|Any CPU.ActiveCfg = Release|Any CPU
		{70EA1A85-28A2-4183-9B81-6A8BEB35F9ED}.Release|Any CPU.Build.0 = Release|Any CPU
		{70EA1A85-28A2-4183-9B81-6A8BEB35F9ED}.Release|Any CPU.Deploy.0 = Release|Any CPU
		{70EA1A85-28A2-4183-9B81-6A8BEB35F9ED}.Release|ARM.ActiveCfg = Release|ARM
		{70EA1A85-28A2-4183-9B81-6A8BEB35F9ED}.Release|ARM.Build.0 = Release|ARM
		{70EA1A85-28A2-4183-9B81-6A8BEB35F9ED}.Release|ARM.Deploy.0 = Release|ARM
		{70EA1A85-28A2-4183-9B81-6A8BEB35F9ED}.Release|x86.ActiveCfg = Release|x86
		{70EA1A85-28A2-4183-9B81-6A8BEB35F9ED}.Release|x86.Build.0 = Release|x86
		{70EA1A85-28A2-4183-9B81-6A8BEB35F9ED}.Release|x86.Deploy.0 = Release|x86
		{98D4CD10-73DA-4C09-A940-1477F1EBCEED}.Debug|Any CPU.ActiveCfg = Debug|Any CPU
		{98D4CD10-73DA-4C09-A940-1477F1EBCEED}.Debug|Any CPU.Build.0 = Debug|Any CPU
		{98D4CD10-73DA-4C09-A940-1477F1EBCEED}.Debug|Any CPU.Deploy.0 = Debug|Any CPU
		{98D4CD10-73DA-4C09-A940-1477F1EBCEED}.Debug|ARM.ActiveCfg = Debug|ARM
		{98D4CD10-73DA-4C09-A940-1477F1EBCEED}.Debug|ARM.Build.0 = Debug|ARM
		{98D4CD10-73DA-4C09-A940-1477F1EBCEED}.Debug|ARM.Deploy.0 = Debug|ARM
		{98D4CD10-73DA-4C09-A940-1477F1EBCEED}.Debug|x86.ActiveCfg = Debug|x86
		{98D4CD10-73DA-4C09-A940-1477F1EBCEED}.Debug|x86.Build.0 = Debug|x86
		{98D4CD10-73DA-4C09-A940-1477F1EBCEED}.Debug|x86.Deploy.0 = Debug|x86
		{98D4CD10-73DA-4C09-A940-1477F1EBCEED}.Release|Any CPU.ActiveCfg = Release|Any CPU
		{98D4CD10-73DA-4C09-A940-1477F1EBCEED}.Release|Any CPU.Build.0 = Release|Any CPU
		{98D4CD10-73DA-4C09-A940-1477F1EBCEED}.Release|Any CPU.Deploy.0 = Release|Any CPU
		{98D4CD10-73DA-4C09-A940-1477F1EBCEED}.Release|ARM.ActiveCfg = Release|ARM
		{98D4CD10-73DA-4C09-A940-1477F1EBCEED}.Release|ARM.Build.0 = Release|ARM
		{98D4CD10-73DA-4C09-A940-1477F1EBCEED}.Release|ARM.Deploy.0 = Release|ARM
		{98D4CD10-73DA-4C09-A940-1477F1EBCEED}.Release|x86.ActiveCfg = Release|x86
		{98D4CD10-73DA-4C09-A940-1477F1EBCEED}.Release|x86.Build.0 = Release|x86
		{98D4CD10-73DA-4C09-A940-1477F1EBCEED}.Release|x86.Deploy.0 = Release|x86
	EndGlobalSection
	GlobalSection(SolutionProperties) = preSolution
		HideSolutionNode = FALSE
	EndGlobalSection
EndGlobal
