
Microsoft Visual Studio Solution File, Format Version 12.00
# Visual Studio 14
VisualStudioVersion = 14.0.25123.0
MinimumVisualStudioVersion = 10.0.40219.1
Project("{FAE04EC0-301F-11D3-BF4B-00C04F79EFBC}") = "2-XAML", "2-XAML\2-XAML.csproj", "{6AFE66AE-4B71-45B6-8FC8-6EF50328638A}"
EndProject
Project("{FAE04EC0-301F-11D3-BF4B-00C04F79EFBC}") = "3-Binding", "3-Binding\3-Binding.csproj", "{CA15BC77-11BC-415E-8621-D185EF2EE68A}"
EndProject
Project("{FAE04EC0-301F-11D3-BF4B-00C04F79EFBC}") = "4-Json", "4-Json\4-Json.csproj", "{6736833C-7A6E-4B34-84AF-E2A03A971D10}"
EndProject
Project("{FAE04EC0-301F-11D3-BF4B-00C04F79EFBC}") = "1-Discover", "1-Discover\1-Discover.csproj", "{70EA1A85-28A2-4183-9B81-6A8BEB35F9ED}"
EndProject
Project("{FAE04EC0-301F-11D3-BF4B-00C04F79EFBC}") = "5-Collections", "5-Collections\5-Collections.csproj", "{00603E60-BAAD-4BFD-8EA8-E5443F4D1562}"
EndProject
Project("{FAE04EC0-301F-11D3-BF4B-00C04F79EFBC}") = "6-States", "6-States\6-States.csproj", "{F5CC8855-C2AF-4703-9325-4DE9E6220E65}"
EndProject
Global
	GlobalSection(SolutionConfigurationPlatforms) = preSolution
		Debug|Any CPU = Debug|Any CPU
		Debug|ARM = Debug|ARM
		Debug|x64 = Debug|x64
		Debug|x86 = Debug|x86
		Release|Any CPU = Release|Any CPU
		Release|ARM = Release|ARM
		Release|x64 = Release|x64
		Release|x86 = Release|x86
	EndGlobalSection
	GlobalSection(ProjectConfigurationPlatforms) = postSolution
		{6AFE66AE-4B71-45B6-8FC8-6EF50328638A}.Debug|Any CPU.ActiveCfg = Debug|Any CPU
		{6AFE66AE-4B71-45B6-8FC8-6EF50328638A}.Debug|Any CPU.Build.0 = Debug|Any CPU
		{6AFE66AE-4B71-45B6-8FC8-6EF50328638A}.Debug|Any CPU.Deploy.0 = Debug|Any CPU
		{6AFE66AE-4B71-45B6-8FC8-6EF50328638A}.Debug|ARM.ActiveCfg = Debug|ARM
		{6AFE66AE-4B71-45B6-8FC8-6EF50328638A}.Debug|ARM.Build.0 = Debug|ARM
		{6AFE66AE-4B71-45B6-8FC8-6EF50328638A}.Debug|ARM.Deploy.0 = Debug|ARM
		{6AFE66AE-4B71-45B6-8FC8-6EF50328638A}.Debug|x64.ActiveCfg = Debug|Any CPU
		{6AFE66AE-4B71-45B6-8FC8-6EF50328638A}.Debug|x64.Build.0 = Debug|Any CPU
		{6AFE66AE-4B71-45B6-8FC8-6EF50328638A}.Debug|x64.Deploy.0 = Debug|Any CPU
		{6AFE66AE-4B71-45B6-8FC8-6EF50328638A}.Debug|x86.ActiveCfg = Debug|x86
		{6AFE66AE-4B71-45B6-8FC8-6EF50328638A}.Debug|x86.Build.0 = Debug|x86
		{6AFE66AE-4B71-45B6-8FC8-6EF50328638A}.Debug|x86.Deploy.0 = Debug|x86
		{6AFE66AE-4B71-45B6-8FC8-6EF50328638A}.Release|Any CPU.ActiveCfg = Release|Any CPU
		{6AFE66AE-4B71-45B6-8FC8-6EF50328638A}.Release|Any CPU.Build.0 = Release|Any CPU
		{6AFE66AE-4B71-45B6-8FC8-6EF50328638A}.Release|Any CPU.Deploy.0 = Release|Any CPU
		{6AFE66AE-4B71-45B6-8FC8-6EF50328638A}.Release|ARM.ActiveCfg = Release|ARM
		{6AFE66AE-4B71-45B6-8FC8-6EF50328638A}.Release|ARM.Build.0 = Release|ARM
		{6AFE66AE-4B71-45B6-8FC8-6EF50328638A}.Release|ARM.Deploy.0 = Release|ARM
		{6AFE66AE-4B71-45B6-8FC8-6EF50328638A}.Release|x64.ActiveCfg = Release|Any CPU
		{6AFE66AE-4B71-45B6-8FC8-6EF50328638A}.Release|x64.Build.0 = Release|Any CPU
		{6AFE66AE-4B71-45B6-8FC8-6EF50328638A}.Release|x64.Deploy.0 = Release|Any CPU
		{6AFE66AE-4B71-45B6-8FC8-6EF50328638A}.Release|x86.ActiveCfg = Release|x86
		{6AFE66AE-4B71-45B6-8FC8-6EF50328638A}.Release|x86.Build.0 = Release|x86
		{6AFE66AE-4B71-45B6-8FC8-6EF50328638A}.Release|x86.Deploy.0 = Release|x86
		{CA15BC77-11BC-415E-8621-D185EF2EE68A}.Debug|Any CPU.ActiveCfg = Debug|Any CPU
		{CA15BC77-11BC-415E-8621-D185EF2EE68A}.Debug|Any CPU.Build.0 = Debug|Any CPU
		{CA15BC77-11BC-415E-8621-D185EF2EE68A}.Debug|Any CPU.Deploy.0 = Debug|Any CPU
		{CA15BC77-11BC-415E-8621-D185EF2EE68A}.Debug|ARM.ActiveCfg = Debug|ARM
		{CA15BC77-11BC-415E-8621-D185EF2EE68A}.Debug|ARM.Build.0 = Debug|ARM
		{CA15BC77-11BC-415E-8621-D185EF2EE68A}.Debug|ARM.Deploy.0 = Debug|ARM
		{CA15BC77-11BC-415E-8621-D185EF2EE68A}.Debug|x64.ActiveCfg = Debug|Any CPU
		{CA15BC77-11BC-415E-8621-D185EF2EE68A}.Debug|x64.Build.0 = Debug|Any CPU
		{CA15BC77-11BC-415E-8621-D185EF2EE68A}.Debug|x64.Deploy.0 = Debug|Any CPU
		{CA15BC77-11BC-415E-8621-D185EF2EE68A}.Debug|x86.ActiveCfg = Debug|x86
		{CA15BC77-11BC-415E-8621-D185EF2EE68A}.Debug|x86.Build.0 = Debug|x86
		{CA15BC77-11BC-415E-8621-D185EF2EE68A}.Debug|x86.Deploy.0 = Debug|x86
		{CA15BC77-11BC-415E-8621-D185EF2EE68A}.Release|Any CPU.ActiveCfg = Release|Any CPU
		{CA15BC77-11BC-415E-8621-D185EF2EE68A}.Release|Any CPU.Build.0 = Release|Any CPU
		{CA15BC77-11BC-415E-8621-D185EF2EE68A}.Release|Any CPU.Deploy.0 = Release|Any CPU
		{CA15BC77-11BC-415E-8621-D185EF2EE68A}.Release|ARM.ActiveCfg = Release|ARM
		{CA15BC77-11BC-415E-8621-D185EF2EE68A}.Release|ARM.Build.0 = Release|ARM
		{CA15BC77-11BC-415E-8621-D185EF2EE68A}.Release|ARM.Deploy.0 = Release|ARM
		{CA15BC77-11BC-415E-8621-D185EF2EE68A}.Release|x64.ActiveCfg = Release|Any CPU
		{CA15BC77-11BC-415E-8621-D185EF2EE68A}.Release|x64.Build.0 = Release|Any CPU
		{CA15BC77-11BC-415E-8621-D185EF2EE68A}.Release|x64.Deploy.0 = Release|Any CPU
		{CA15BC77-11BC-415E-8621-D185EF2EE68A}.Release|x86.ActiveCfg = Release|x86
		{CA15BC77-11BC-415E-8621-D185EF2EE68A}.Release|x86.Build.0 = Release|x86
		{CA15BC77-11BC-415E-8621-D185EF2EE68A}.Release|x86.Deploy.0 = Release|x86
		{6736833C-7A6E-4B34-84AF-E2A03A971D10}.Debug|Any CPU.ActiveCfg = Debug|Any CPU
		{6736833C-7A6E-4B34-84AF-E2A03A971D10}.Debug|Any CPU.Build.0 = Debug|Any CPU
		{6736833C-7A6E-4B34-84AF-E2A03A971D10}.Debug|Any CPU.Deploy.0 = Debug|Any CPU
		{6736833C-7A6E-4B34-84AF-E2A03A971D10}.Debug|ARM.ActiveCfg = Debug|ARM
		{6736833C-7A6E-4B34-84AF-E2A03A971D10}.Debug|ARM.Build.0 = Debug|ARM
		{6736833C-7A6E-4B34-84AF-E2A03A971D10}.Debug|ARM.Deploy.0 = Debug|ARM
		{6736833C-7A6E-4B34-84AF-E2A03A971D10}.Debug|x64.ActiveCfg = Debug|Any CPU
		{6736833C-7A6E-4B34-84AF-E2A03A971D10}.Debug|x64.Build.0 = Debug|Any CPU
		{6736833C-7A6E-4B34-84AF-E2A03A971D10}.Debug|x64.Deploy.0 = Debug|Any CPU
		{6736833C-7A6E-4B34-84AF-E2A03A971D10}.Debug|x86.ActiveCfg = Debug|x86
		{6736833C-7A6E-4B34-84AF-E2A03A971D10}.Debug|x86.Build.0 = Debug|x86
		{6736833C-7A6E-4B34-84AF-E2A03A971D10}.Debug|x86.Deploy.0 = Debug|x86
		{6736833C-7A6E-4B34-84AF-E2A03A971D10}.Release|Any CPU.ActiveCfg = Release|Any CPU
		{6736833C-7A6E-4B34-84AF-E2A03A971D10}.Release|Any CPU.Build.0 = Release|Any CPU
		{6736833C-7A6E-4B34-84AF-E2A03A971D10}.Release|Any CPU.Deploy.0 = Release|Any CPU
		{6736833C-7A6E-4B34-84AF-E2A03A971D10}.Release|ARM.ActiveCfg = Release|ARM
		{6736833C-7A6E-4B34-84AF-E2A03A971D10}.Release|ARM.Build.0 = Release|ARM
		{6736833C-7A6E-4B34-84AF-E2A03A971D10}.Release|ARM.Deploy.0 = Release|ARM
		{6736833C-7A6E-4B34-84AF-E2A03A971D10}.Release|x64.ActiveCfg = Release|Any CPU
		{6736833C-7A6E-4B34-84AF-E2A03A971D10}.Release|x64.Build.0 = Release|Any CPU
		{6736833C-7A6E-4B34-84AF-E2A03A971D10}.Release|x64.Deploy.0 = Release|Any CPU
		{6736833C-7A6E-4B34-84AF-E2A03A971D10}.Release|x86.ActiveCfg = Release|x86
		{6736833C-7A6E-4B34-84AF-E2A03A971D10}.Release|x86.Build.0 = Release|x86
		{6736833C-7A6E-4B34-84AF-E2A03A971D10}.Release|x86.Deploy.0 = Release|x86
		{70EA1A85-28A2-4183-9B81-6A8BEB35F9ED}.Debug|Any CPU.ActiveCfg = Debug|Any CPU
		{70EA1A85-28A2-4183-9B81-6A8BEB35F9ED}.Debug|Any CPU.Build.0 = Debug|Any CPU
		{70EA1A85-28A2-4183-9B81-6A8BEB35F9ED}.Debug|Any CPU.Deploy.0 = Debug|Any CPU
		{70EA1A85-28A2-4183-9B81-6A8BEB35F9ED}.Debug|ARM.ActiveCfg = Debug|ARM
		{70EA1A85-28A2-4183-9B81-6A8BEB35F9ED}.Debug|ARM.Build.0 = Debug|ARM
		{70EA1A85-28A2-4183-9B81-6A8BEB35F9ED}.Debug|ARM.Deploy.0 = Debug|ARM
		{70EA1A85-28A2-4183-9B81-6A8BEB35F9ED}.Debug|x64.ActiveCfg = Debug|Any CPU
		{70EA1A85-28A2-4183-9B81-6A8BEB35F9ED}.Debug|x64.Build.0 = Debug|Any CPU
		{70EA1A85-28A2-4183-9B81-6A8BEB35F9ED}.Debug|x64.Deploy.0 = Debug|Any CPU
		{70EA1A85-28A2-4183-9B81-6A8BEB35F9ED}.Debug|x86.ActiveCfg = Debug|x86
		{70EA1A85-28A2-4183-9B81-6A8BEB35F9ED}.Debug|x86.Build.0 = Debug|x86
		{70EA1A85-28A2-4183-9B81-6A8BEB35F9ED}.Debug|x86.Deploy.0 = Debug|x86
		{70EA1A85-28A2-4183-9B81-6A8BEB35F9ED}.Release|Any CPU.ActiveCfg = Release|Any CPU
		{70EA1A85-28A2-4183-9B81-6A8BEB35F9ED}.Release|Any CPU.Build.0 = Release|Any CPU
		{70EA1A85-28A2-4183-9B81-6A8BEB35F9ED}.Release|Any CPU.Deploy.0 = Release|Any CPU
		{70EA1A85-28A2-4183-9B81-6A8BEB35F9ED}.Release|ARM.ActiveCfg = Release|ARM
		{70EA1A85-28A2-4183-9B81-6A8BEB35F9ED}.Release|ARM.Build.0 = Release|ARM
		{70EA1A85-28A2-4183-9B81-6A8BEB35F9ED}.Release|ARM.Deploy.0 = Release|ARM
		{70EA1A85-28A2-4183-9B81-6A8BEB35F9ED}.Release|x64.ActiveCfg = Release|Any CPU
		{70EA1A85-28A2-4183-9B81-6A8BEB35F9ED}.Release|x64.Build.0 = Release|Any CPU
		{70EA1A85-28A2-4183-9B81-6A8BEB35F9ED}.Release|x64.Deploy.0 = Release|Any CPU
		{70EA1A85-28A2-4183-9B81-6A8BEB35F9ED}.Release|x86.ActiveCfg = Release|x86
		{70EA1A85-28A2-4183-9B81-6A8BEB35F9ED}.Release|x86.Build.0 = Release|x86
		{70EA1A85-28A2-4183-9B81-6A8BEB35F9ED}.Release|x86.Deploy.0 = Release|x86
		{00603E60-BAAD-4BFD-8EA8-E5443F4D1562}.Debug|Any CPU.ActiveCfg = Debug|Any CPU
		{00603E60-BAAD-4BFD-8EA8-E5443F4D1562}.Debug|Any CPU.Build.0 = Debug|Any CPU
		{00603E60-BAAD-4BFD-8EA8-E5443F4D1562}.Debug|Any CPU.Deploy.0 = Debug|Any CPU
		{00603E60-BAAD-4BFD-8EA8-E5443F4D1562}.Debug|ARM.ActiveCfg = Debug|ARM
		{00603E60-BAAD-4BFD-8EA8-E5443F4D1562}.Debug|ARM.Build.0 = Debug|ARM
		{00603E60-BAAD-4BFD-8EA8-E5443F4D1562}.Debug|ARM.Deploy.0 = Debug|ARM
		{00603E60-BAAD-4BFD-8EA8-E5443F4D1562}.Debug|x64.ActiveCfg = Debug|x64
		{00603E60-BAAD-4BFD-8EA8-E5443F4D1562}.Debug|x64.Build.0 = Debug|x64
		{00603E60-BAAD-4BFD-8EA8-E5443F4D1562}.Debug|x64.Deploy.0 = Debug|x64
		{00603E60-BAAD-4BFD-8EA8-E5443F4D1562}.Debug|x86.ActiveCfg = Debug|x86
		{00603E60-BAAD-4BFD-8EA8-E5443F4D1562}.Debug|x86.Build.0 = Debug|x86
		{00603E60-BAAD-4BFD-8EA8-E5443F4D1562}.Debug|x86.Deploy.0 = Debug|x86
		{00603E60-BAAD-4BFD-8EA8-E5443F4D1562}.Release|Any CPU.ActiveCfg = Release|Any CPU
		{00603E60-BAAD-4BFD-8EA8-E5443F4D1562}.Release|Any CPU.Build.0 = Release|Any CPU
		{00603E60-BAAD-4BFD-8EA8-E5443F4D1562}.Release|Any CPU.Deploy.0 = Release|Any CPU
		{00603E60-BAAD-4BFD-8EA8-E5443F4D1562}.Release|ARM.ActiveCfg = Release|ARM
		{00603E60-BAAD-4BFD-8EA8-E5443F4D1562}.Release|ARM.Build.0 = Release|ARM
		{00603E60-BAAD-4BFD-8EA8-E5443F4D1562}.Release|ARM.Deploy.0 = Release|ARM
		{00603E60-BAAD-4BFD-8EA8-E5443F4D1562}.Release|x64.ActiveCfg = Release|x64
		{00603E60-BAAD-4BFD-8EA8-E5443F4D1562}.Release|x64.Build.0 = Release|x64
		{00603E60-BAAD-4BFD-8EA8-E5443F4D1562}.Release|x64.Deploy.0 = Release|x64
		{00603E60-BAAD-4BFD-8EA8-E5443F4D1562}.Release|x86.ActiveCfg = Release|x86
		{00603E60-BAAD-4BFD-8EA8-E5443F4D1562}.Release|x86.Build.0 = Release|x86
		{00603E60-BAAD-4BFD-8EA8-E5443F4D1562}.Release|x86.Deploy.0 = Release|x86
		{F5CC8855-C2AF-4703-9325-4DE9E6220E65}.Debug|Any CPU.ActiveCfg = Debug|Any CPU
		{F5CC8855-C2AF-4703-9325-4DE9E6220E65}.Debug|Any CPU.Build.0 = Debug|Any CPU
		{F5CC8855-C2AF-4703-9325-4DE9E6220E65}.Debug|Any CPU.Deploy.0 = Debug|Any CPU
		{F5CC8855-C2AF-4703-9325-4DE9E6220E65}.Debug|ARM.ActiveCfg = Debug|ARM
		{F5CC8855-C2AF-4703-9325-4DE9E6220E65}.Debug|ARM.Build.0 = Debug|ARM
		{F5CC8855-C2AF-4703-9325-4DE9E6220E65}.Debug|ARM.Deploy.0 = Debug|ARM
		{F5CC8855-C2AF-4703-9325-4DE9E6220E65}.Debug|x64.ActiveCfg = Debug|x64
		{F5CC8855-C2AF-4703-9325-4DE9E6220E65}.Debug|x64.Build.0 = Debug|x64
		{F5CC8855-C2AF-4703-9325-4DE9E6220E65}.Debug|x64.Deploy.0 = Debug|x64
		{F5CC8855-C2AF-4703-9325-4DE9E6220E65}.Debug|x86.ActiveCfg = Debug|x86
		{F5CC8855-C2AF-4703-9325-4DE9E6220E65}.Debug|x86.Build.0 = Debug|x86
		{F5CC8855-C2AF-4703-9325-4DE9E6220E65}.Debug|x86.Deploy.0 = Debug|x86
		{F5CC8855-C2AF-4703-9325-4DE9E6220E65}.Release|Any CPU.ActiveCfg = Release|Any CPU
		{F5CC8855-C2AF-4703-9325-4DE9E6220E65}.Release|Any CPU.Build.0 = Release|Any CPU
		{F5CC8855-C2AF-4703-9325-4DE9E6220E65}.Release|Any CPU.Deploy.0 = Release|Any CPU
		{F5CC8855-C2AF-4703-9325-4DE9E6220E65}.Release|ARM.ActiveCfg = Release|ARM
		{F5CC8855-C2AF-4703-9325-4DE9E6220E65}.Release|ARM.Build.0 = Release|ARM
		{F5CC8855-C2AF-4703-9325-4DE9E6220E65}.Release|ARM.Deploy.0 = Release|ARM
		{F5CC8855-C2AF-4703-9325-4DE9E6220E65}.Release|x64.ActiveCfg = Release|x64
		{F5CC8855-C2AF-4703-9325-4DE9E6220E65}.Release|x64.Build.0 = Release|x64
		{F5CC8855-C2AF-4703-9325-4DE9E6220E65}.Release|x64.Deploy.0 = Release|x64
		{F5CC8855-C2AF-4703-9325-4DE9E6220E65}.Release|x86.ActiveCfg = Release|x86
		{F5CC8855-C2AF-4703-9325-4DE9E6220E65}.Release|x86.Build.0 = Release|x86
		{F5CC8855-C2AF-4703-9325-4DE9E6220E65}.Release|x86.Deploy.0 = Release|x86
	EndGlobalSection
	GlobalSection(SolutionProperties) = preSolution
		HideSolutionNode = FALSE
	EndGlobalSection
EndGlobal
